<Solution>
  <Folder Name="/src/">
    <Project Path="src/AgentOrchestration.App/AgentOrchestration.App.csproj" />
    <Project Path="src/AgentOrchestration.Core/AgentOrchestration.Core.csproj" />
    <Project Path="src/AgentOrchestration.LocalModels/AgentOrchestration.LocalModels.csproj" />
    <Project Path="src/AgentOrchestration.Networking/AgentOrchestration.Networking.csproj" />
  </Folder>
</Solution>
